// !$*UTF8*$!
{
	archiveVersion = 1;
	classes = {
	};
	objectVersion = 55;
	objects = {

/* Begin PBXBuildFile section */
		0BD4DF565EA50F41529D9963 /* Pods_MetaWeatherCore_Example.framework in Frameworks */ = {isa = PBXBuildFile; fileRef = 39431FB81EA0949AAA23243F /* Pods_MetaWeatherCore_Example.framework */; };
		1C5ADA6728122FC700E13F55 /* ResultCollectionViewCell.swift in Sources */ = {isa = PBXBuildFile; fileRef = 1C5ADA6528122FC700E13F55 /* ResultCollectionViewCell.swift */; };
		1C5ADA6828122FC700E13F55 /* ResultCollectionViewCell.xib in Resources */ = {isa = PBXBuildFile; fileRef = 1C5ADA6628122FC700E13F55 /* ResultCollectionViewCell.xib */; };
		1C9D1F822811B96A002E2A1D /* AppDelegate.swift in Sources */ = {isa = PBXBuildFile; fileRef = 1C9D1F812811B96A002E2A1D /* AppDelegate.swift */; };
		1C9D1F842811B96A002E2A1D /* SceneDelegate.swift in Sources */ = {isa = PBXBuildFile; fileRef = 1C9D1F832811B96A002E2A1D /* SceneDelegate.swift */; };
		1C9D1F862811B96A002E2A1D /* ViewController.swift in Sources */ = {isa = PBXBuildFile; fileRef = 1C9D1F852811B96A002E2A1D /* ViewController.swift */; };
		1C9D1F892811B96A002E2A1D /* Main.storyboard in Resources */ = {isa = PBXBuildFile; fileRef = 1C9D1F872811B96A002E2A1D /* Main.storyboard */; };
		1C9D1F8B2811B96B002E2A1D /* Assets.xcassets in Resources */ = {isa = PBXBuildFile; fileRef = 1C9D1F8A2811B96B002E2A1D /* Assets.xcassets */; };
		1C9D1F8E2811B96B002E2A1D /* LaunchScreen.storyboard in Resources */ = {isa = PBXBuildFile; fileRef = 1C9D1F8C2811B96B002E2A1D /* LaunchScreen.storyboard */; };
		1C9D1F992811B96C002E2A1D /* MetaWeatherCore_ExampleTests.swift in Sources */ = {isa = PBXBuildFile; fileRef = 1C9D1F982811B96C002E2A1D /* MetaWeatherCore_ExampleTests.swift */; };
		1C9D1FA32811B96C002E2A1D /* MetaWeatherCore_ExampleUITests.swift in Sources */ = {isa = PBXBuildFile; fileRef = 1C9D1FA22811B96C002E2A1D /* MetaWeatherCore_ExampleUITests.swift */; };
		1C9D1FA52811B96C002E2A1D /* MetaWeatherCore_ExampleUITestsLaunchTests.swift in Sources */ = {isa = PBXBuildFile; fileRef = 1C9D1FA42811B96C002E2A1D /* MetaWeatherCore_ExampleUITestsLaunchTests.swift */; };
		AFD4478E223BEAAC08E534ED /* Pods_MetaWeatherCore_Example_MetaWeatherCore_ExampleUITests.framework in Frameworks */ = {isa = PBXBuildFile; fileRef = 7AD2FE2C4AD0835E519AED83 /* Pods_MetaWeatherCore_Example_MetaWeatherCore_ExampleUITests.framework */; };
		C3767C411F2659C8730E5926 /* Pods_MetaWeatherCore_ExampleTests.framework in Frameworks */ = {isa = PBXBuildFile; fileRef = D8BEBF97AA9BEFBB4572D3C1 /* Pods_MetaWeatherCore_ExampleTests.framework */; };
/* End PBXBuildFile section */

/* Begin PBXContainerItemProxy section */
		1C9D1F952811B96C002E2A1D /* PBXContainerItemProxy */ = {
			isa = PBXContainerItemProxy;
			containerPortal = 1C9D1F762811B96A002E2A1D /* Project object */;
			proxyType = 1;
			remoteGlobalIDString = 1C9D1F7D2811B96A002E2A1D;
			remoteInfo = MetaWeatherCore_Example;
		};
		1C9D1F9F2811B96C002E2A1D /* PBXContainerItemProxy */ = {
			isa = PBXContainerItemProxy;
			containerPortal = 1C9D1F762811B96A002E2A1D /* Project object */;
			proxyType = 1;
			remoteGlobalIDString = 1C9D1F7D2811B96A002E2A1D;
			remoteInfo = MetaWeatherCore_Example;
		};
/* End PBXContainerItemProxy section */

/* Begin PBXCopyFilesBuildPhase section */
		1CBD60AB2811BA8D00C63945 /* Embed Frameworks */ = {
			isa = PBXCopyFilesBuildPhase;
			buildActionMask = 2147483647;
			dstPath = "";
			dstSubfolderSpec = 10;
			files = (
			);
			name = "Embed Frameworks";
			runOnlyForDeploymentPostprocessing = 0;
		};
/* End PBXCopyFilesBuildPhase section */

/* Begin PBXFileReference section */
		1C5ADA6528122FC700E13F55 /* ResultCollectionViewCell.swift */ = {isa = PBXFileReference; lastKnownFileType = sourcecode.swift; path = ResultCollectionViewCell.swift; sourceTree = "<group>"; };
		1C5ADA6628122FC700E13F55 /* ResultCollectionViewCell.xib */ = {isa = PBXFileReference; lastKnownFileType = file.xib; path = ResultCollectionViewCell.xib; sourceTree = "<group>"; };
		1C9D1F7E2811B96A002E2A1D /* MetaWeatherCore_Example.app */ = {isa = PBXFileReference; explicitFileType = wrapper.application; includeInIndex = 0; path = MetaWeatherCore_Example.app; sourceTree = BUILT_PRODUCTS_DIR; };
		1C9D1F812811B96A002E2A1D /* AppDelegate.swift */ = {isa = PBXFileReference; lastKnownFileType = sourcecode.swift; path = AppDelegate.swift; sourceTree = "<group>"; };
		1C9D1F832811B96A002E2A1D /* SceneDelegate.swift */ = {isa = PBXFileReference; lastKnownFileType = sourcecode.swift; path = SceneDelegate.swift; sourceTree = "<group>"; };
		1C9D1F852811B96A002E2A1D /* ViewController.swift */ = {isa = PBXFileReference; lastKnownFileType = sourcecode.swift; path = ViewController.swift; sourceTree = "<group>"; };
		1C9D1F882811B96A002E2A1D /* Base */ = {isa = PBXFileReference; lastKnownFileType = file.storyboard; name = Base; path = Base.lproj/Main.storyboard; sourceTree = "<group>"; };
		1C9D1F8A2811B96B002E2A1D /* Assets.xcassets */ = {isa = PBXFileReference; lastKnownFileType = folder.assetcatalog; path = Assets.xcassets; sourceTree = "<group>"; };
		1C9D1F8D2811B96B002E2A1D /* Base */ = {isa = PBXFileReference; lastKnownFileType = file.storyboard; name = Base; path = Base.lproj/LaunchScreen.storyboard; sourceTree = "<group>"; };
		1C9D1F8F2811B96B002E2A1D /* Info.plist */ = {isa = PBXFileReference; lastKnownFileType = text.plist.xml; path = Info.plist; sourceTree = "<group>"; };
		1C9D1F942811B96C002E2A1D /* MetaWeatherCore_ExampleTests.xctest */ = {isa = PBXFileReference; explicitFileType = wrapper.cfbundle; includeInIndex = 0; path = MetaWeatherCore_ExampleTests.xctest; sourceTree = BUILT_PRODUCTS_DIR; };
		1C9D1F982811B96C002E2A1D /* MetaWeatherCore_ExampleTests.swift */ = {isa = PBXFileReference; lastKnownFileType = sourcecode.swift; path = MetaWeatherCore_ExampleTests.swift; sourceTree = "<group>"; };
		1C9D1F9E2811B96C002E2A1D /* MetaWeatherCore_ExampleUITests.xctest */ = {isa = PBXFileReference; explicitFileType = wrapper.cfbundle; includeInIndex = 0; path = MetaWeatherCore_ExampleUITests.xctest; sourceTree = BUILT_PRODUCTS_DIR; };
		1C9D1FA22811B96C002E2A1D /* MetaWeatherCore_ExampleUITests.swift */ = {isa = PBXFileReference; lastKnownFileType = sourcecode.swift; path = MetaWeatherCore_ExampleUITests.swift; sourceTree = "<group>"; };
		1C9D1FA42811B96C002E2A1D /* MetaWeatherCore_ExampleUITestsLaunchTests.swift */ = {isa = PBXFileReference; lastKnownFileType = sourcecode.swift; path = MetaWeatherCore_ExampleUITestsLaunchTests.swift; sourceTree = "<group>"; };
		39431FB81EA0949AAA23243F /* Pods_MetaWeatherCore_Example.framework */ = {isa = PBXFileReference; explicitFileType = wrapper.framework; includeInIndex = 0; path = Pods_MetaWeatherCore_Example.framework; sourceTree = BUILT_PRODUCTS_DIR; };
		578CFBCD5C8C753F9995BE09 /* Pods-MetaWeatherCore_Example.release.xcconfig */ = {isa = PBXFileReference; includeInIndex = 1; lastKnownFileType = text.xcconfig; name = "Pods-MetaWeatherCore_Example.release.xcconfig"; path = "Target Support Files/Pods-MetaWeatherCore_Example/Pods-MetaWeatherCore_Example.release.xcconfig"; sourceTree = "<group>"; };
		57F2D010B81378E42FD68F8E /* Pods-MetaWeatherCore_Example-MetaWeatherCore_ExampleUITests.release.xcconfig */ = {isa = PBXFileReference; includeInIndex = 1; lastKnownFileType = text.xcconfig; name = "Pods-MetaWeatherCore_Example-MetaWeatherCore_ExampleUITests.release.xcconfig"; path = "Target Support Files/Pods-MetaWeatherCore_Example-MetaWeatherCore_ExampleUITests/Pods-MetaWeatherCore_Example-MetaWeatherCore_ExampleUITests.release.xcconfig"; sourceTree = "<group>"; };
		63EC36B40AD9B8FA2DD4F936 /* Pods-MetaWeatherCore_ExampleTests.release.xcconfig */ = {isa = PBXFileReference; includeInIndex = 1; lastKnownFileType = text.xcconfig; name = "Pods-MetaWeatherCore_ExampleTests.release.xcconfig"; path = "Target Support Files/Pods-MetaWeatherCore_ExampleTests/Pods-MetaWeatherCore_ExampleTests.release.xcconfig"; sourceTree = "<group>"; };
		7AD2FE2C4AD0835E519AED83 /* Pods_MetaWeatherCore_Example_MetaWeatherCore_ExampleUITests.framework */ = {isa = PBXFileReference; explicitFileType = wrapper.framework; includeInIndex = 0; path = Pods_MetaWeatherCore_Example_MetaWeatherCore_ExampleUITests.framework; sourceTree = BUILT_PRODUCTS_DIR; };
		9517A700345CDEA253B435FA /* Pods-MetaWeatherCore_ExampleTests.debug.xcconfig */ = {isa = PBXFileReference; includeInIndex = 1; lastKnownFileType = text.xcconfig; name = "Pods-MetaWeatherCore_ExampleTests.debug.xcconfig"; path = "Target Support Files/Pods-MetaWeatherCore_ExampleTests/Pods-MetaWeatherCore_ExampleTests.debug.xcconfig"; sourceTree = "<group>"; };
		A8D87549B61797C78364350F /* Pods-MetaWeatherCore_Example.debug.xcconfig */ = {isa = PBXFileReference; includeInIndex = 1; lastKnownFileType = text.xcconfig; name = "Pods-MetaWeatherCore_Example.debug.xcconfig"; path = "Target Support Files/Pods-MetaWeatherCore_Example/Pods-MetaWeatherCore_Example.debug.xcconfig"; sourceTree = "<group>"; };
		CB30255BE2C3A6FABE49EF13 /* Pods-MetaWeatherCore_Example-MetaWeatherCore_ExampleUITests.debug.xcconfig */ = {isa = PBXFileReference; includeInIndex = 1; lastKnownFileType = text.xcconfig; name = "Pods-MetaWeatherCore_Example-MetaWeatherCore_ExampleUITests.debug.xcconfig"; path = "Target Support Files/Pods-MetaWeatherCore_Example-MetaWeatherCore_ExampleUITests/Pods-MetaWeatherCore_Example-MetaWeatherCore_ExampleUITests.debug.xcconfig"; sourceTree = "<group>"; };
		D8BEBF97AA9BEFBB4572D3C1 /* Pods_MetaWeatherCore_ExampleTests.framework */ = {isa = PBXFileReference; explicitFileType = wrapper.framework; includeInIndex = 0; path = Pods_MetaWeatherCore_ExampleTests.framework; sourceTree = BUILT_PRODUCTS_DIR; };
/* End PBXFileReference section */

/* Begin PBXFrameworksBuildPhase section */
		1C9D1F7B2811B96A002E2A1D /* Frameworks */ = {
			isa = PBXFrameworksBuildPhase;
			buildActionMask = 2147483647;
			files = (
				0BD4DF565EA50F41529D9963 /* Pods_MetaWeatherCore_Example.framework in Frameworks */,
			);
			runOnlyForDeploymentPostprocessing = 0;
		};
		1C9D1F912811B96C002E2A1D /* Frameworks */ = {
			isa = PBXFrameworksBuildPhase;
			buildActionMask = 2147483647;
			files = (
				C3767C411F2659C8730E5926 /* Pods_MetaWeatherCore_ExampleTests.framework in Frameworks */,
			);
			runOnlyForDeploymentPostprocessing = 0;
		};
		1C9D1F9B2811B96C002E2A1D /* Frameworks */ = {
			isa = PBXFrameworksBuildPhase;
			buildActionMask = 2147483647;
			files = (
				AFD4478E223BEAAC08E534ED /* Pods_MetaWeatherCore_Example_MetaWeatherCore_ExampleUITests.framework in Frameworks */,
			);
			runOnlyForDeploymentPostprocessing = 0;
		};
/* End PBXFrameworksBuildPhase section */

/* Begin PBXGroup section */
		1C9D1F752811B96A002E2A1D = {
			isa = PBXGroup;
			children = (
				1C9D1F802811B96A002E2A1D /* MetaWeatherCore_Example */,
				1C9D1F972811B96C002E2A1D /* MetaWeatherCore_ExampleTests */,
				1C9D1FA12811B96C002E2A1D /* MetaWeatherCore_ExampleUITests */,
				1C9D1F7F2811B96A002E2A1D /* Products */,
				A384C1AFD21F11A9F211EE13 /* Pods */,
				7FBA055D19D7CD7E43FD6498 /* Frameworks */,
			);
			sourceTree = "<group>";
		};
		1C9D1F7F2811B96A002E2A1D /* Products */ = {
			isa = PBXGroup;
			children = (
				1C9D1F7E2811B96A002E2A1D /* MetaWeatherCore_Example.app */,
				1C9D1F942811B96C002E2A1D /* MetaWeatherCore_ExampleTests.xctest */,
				1C9D1F9E2811B96C002E2A1D /* MetaWeatherCore_ExampleUITests.xctest */,
			);
			name = Products;
			sourceTree = "<group>";
		};
		1C9D1F802811B96A002E2A1D /* MetaWeatherCore_Example */ = {
			isa = PBXGroup;
			children = (
				1C9D1F812811B96A002E2A1D /* AppDelegate.swift */,
				1C9D1F832811B96A002E2A1D /* SceneDelegate.swift */,
				1C9D1F852811B96A002E2A1D /* ViewController.swift */,
				1C9D1F872811B96A002E2A1D /* Main.storyboard */,
				1C9D1F8A2811B96B002E2A1D /* Assets.xcassets */,
				1C9D1F8C2811B96B002E2A1D /* LaunchScreen.storyboard */,
				1C9D1F8F2811B96B002E2A1D /* Info.plist */,
				1C5ADA6528122FC700E13F55 /* ResultCollectionViewCell.swift */,
				1C5ADA6628122FC700E13F55 /* ResultCollectionViewCell.xib */,
			);
			path = MetaWeatherCore_Example;
			sourceTree = "<group>";
		};
		1C9D1F972811B96C002E2A1D /* MetaWeatherCore_ExampleTests */ = {
			isa = PBXGroup;
			children = (
				1C9D1F982811B96C002E2A1D /* MetaWeatherCore_ExampleTests.swift */,
			);
			path = MetaWeatherCore_ExampleTests;
			sourceTree = "<group>";
		};
		1C9D1FA12811B96C002E2A1D /* MetaWeatherCore_ExampleUITests */ = {
			isa = PBXGroup;
			children = (
				1C9D1FA22811B96C002E2A1D /* MetaWeatherCore_ExampleUITests.swift */,
				1C9D1FA42811B96C002E2A1D /* MetaWeatherCore_ExampleUITestsLaunchTests.swift */,
			);
			path = MetaWeatherCore_ExampleUITests;
			sourceTree = "<group>";
		};
		7FBA055D19D7CD7E43FD6498 /* Frameworks */ = {
			isa = PBXGroup;
			children = (
				39431FB81EA0949AAA23243F /* Pods_MetaWeatherCore_Example.framework */,
				7AD2FE2C4AD0835E519AED83 /* Pods_MetaWeatherCore_Example_MetaWeatherCore_ExampleUITests.framework */,
				D8BEBF97AA9BEFBB4572D3C1 /* Pods_MetaWeatherCore_ExampleTests.framework */,
			);
			name = Frameworks;
			sourceTree = "<group>";
		};
		A384C1AFD21F11A9F211EE13 /* Pods */ = {
			isa = PBXGroup;
			children = (
				A8D87549B61797C78364350F /* Pods-MetaWeatherCore_Example.debug.xcconfig */,
				578CFBCD5C8C753F9995BE09 /* Pods-MetaWeatherCore_Example.release.xcconfig */,
				CB30255BE2C3A6FABE49EF13 /* Pods-MetaWeatherCore_Example-MetaWeatherCore_ExampleUITests.debug.xcconfig */,
				57F2D010B81378E42FD68F8E /* Pods-MetaWeatherCore_Example-MetaWeatherCore_ExampleUITests.release.xcconfig */,
				9517A700345CDEA253B435FA /* Pods-MetaWeatherCore_ExampleTests.debug.xcconfig */,
				63EC36B40AD9B8FA2DD4F936 /* Pods-MetaWeatherCore_ExampleTests.release.xcconfig */,
			);
			path = Pods;
			sourceTree = "<group>";
		};
/* End PBXGroup section */

/* Begin PBXNativeTarget section */
		1C9D1F7D2811B96A002E2A1D /* MetaWeatherCore_Example */ = {
			isa = PBXNativeTarget;
			buildConfigurationList = 1C9D1FA82811B96C002E2A1D /* Build configuration list for PBXNativeTarget "MetaWeatherCore_Example" */;
			buildPhases = (
				BD6C1D3B1D60E169E2040E85 /* [CP] Check Pods Manifest.lock */,
				1C9D1F7A2811B96A002E2A1D /* Sources */,
				1C9D1F7B2811B96A002E2A1D /* Frameworks */,
				1C9D1F7C2811B96A002E2A1D /* Resources */,
				1CBD60AB2811BA8D00C63945 /* Embed Frameworks */,
				AA17141DFC38AD8052ED9A04 /* [CP] Embed Pods Frameworks */,
			);
			buildRules = (
			);
			dependencies = (
			);
			name = MetaWeatherCore_Example;
			productName = MetaWeatherCore_Example;
			productReference = 1C9D1F7E2811B96A002E2A1D /* MetaWeatherCore_Example.app */;
			productType = "com.apple.product-type.application";
		};
		1C9D1F932811B96C002E2A1D /* MetaWeatherCore_ExampleTests */ = {
			isa = PBXNativeTarget;
			buildConfigurationList = 1C9D1FAB2811B96C002E2A1D /* Build configuration list for PBXNativeTarget "MetaWeatherCore_ExampleTests" */;
			buildPhases = (
				4B5D9BA3E6A7C30A2B436C2E /* [CP] Check Pods Manifest.lock */,
				1C9D1F902811B96C002E2A1D /* Sources */,
				1C9D1F912811B96C002E2A1D /* Frameworks */,
				1C9D1F922811B96C002E2A1D /* Resources */,
			);
			buildRules = (
			);
			dependencies = (
				1C9D1F962811B96C002E2A1D /* PBXTargetDependency */,
			);
			name = MetaWeatherCore_ExampleTests;
			productName = MetaWeatherCore_ExampleTests;
			productReference = 1C9D1F942811B96C002E2A1D /* MetaWeatherCore_ExampleTests.xctest */;
			productType = "com.apple.product-type.bundle.unit-test";
		};
		1C9D1F9D2811B96C002E2A1D /* MetaWeatherCore_ExampleUITests */ = {
			isa = PBXNativeTarget;
			buildConfigurationList = 1C9D1FAE2811B96C002E2A1D /* Build configuration list for PBXNativeTarget "MetaWeatherCore_ExampleUITests" */;
			buildPhases = (
				6D5175268F9527E584C88B43 /* [CP] Check Pods Manifest.lock */,
				1C9D1F9A2811B96C002E2A1D /* Sources */,
				1C9D1F9B2811B96C002E2A1D /* Frameworks */,
				1C9D1F9C2811B96C002E2A1D /* Resources */,
				EDFC01421656847DA2EB83A1 /* [CP] Embed Pods Frameworks */,
			);
			buildRules = (
			);
			dependencies = (
				1C9D1FA02811B96C002E2A1D /* PBXTargetDependency */,
			);
			name = MetaWeatherCore_ExampleUITests;
			productName = MetaWeatherCore_ExampleUITests;
			productReference = 1C9D1F9E2811B96C002E2A1D /* MetaWeatherCore_ExampleUITests.xctest */;
			productType = "com.apple.product-type.bundle.ui-testing";
		};
/* End PBXNativeTarget section */

/* Begin PBXProject section */
		1C9D1F762811B96A002E2A1D /* Project object */ = {
			isa = PBXProject;
			attributes = {
				BuildIndependentTargetsInParallel = 1;
				LastSwiftUpdateCheck = 1330;
				LastUpgradeCheck = 1330;
				TargetAttributes = {
					1C9D1F7D2811B96A002E2A1D = {
						CreatedOnToolsVersion = 13.3;
					};
					1C9D1F932811B96C002E2A1D = {
						CreatedOnToolsVersion = 13.3;
						TestTargetID = 1C9D1F7D2811B96A002E2A1D;
					};
					1C9D1F9D2811B96C002E2A1D = {
						CreatedOnToolsVersion = 13.3;
						TestTargetID = 1C9D1F7D2811B96A002E2A1D;
					};
				};
			};
			buildConfigurationList = 1C9D1F792811B96A002E2A1D /* Build configuration list for PBXProject "MetaWeatherCore_Example" */;
			compatibilityVersion = "Xcode 13.0";
			developmentRegion = en;
			hasScannedForEncodings = 0;
			knownRegions = (
				en,
				Base,
			);
			mainGroup = 1C9D1F752811B96A002E2A1D;
			productRefGroup = 1C9D1F7F2811B96A002E2A1D /* Products */;
			projectDirPath = "";
			projectRoot = "";
			targets = (
				1C9D1F7D2811B96A002E2A1D /* MetaWeatherCore_Example */,
				1C9D1F932811B96C002E2A1D /* MetaWeatherCore_ExampleTests */,
				1C9D1F9D2811B96C002E2A1D /* MetaWeatherCore_ExampleUITests */,
			);
		};
/* End PBXProject section */

/* Begin PBXResourcesBuildPhase section */
		1C9D1F7C2811B96A002E2A1D /* Resources */ = {
			isa = PBXResourcesBuildPhase;
			buildActionMask = 2147483647;
			files = (
				1C9D1F8E2811B96B002E2A1D /* LaunchScreen.storyboard in Resources */,
				1C9D1F8B2811B96B002E2A1D /* Assets.xcassets in Resources */,
				1C9D1F892811B96A002E2A1D /* Main.storyboard in Resources */,
				1C5ADA6828122FC700E13F55 /* ResultCollectionViewCell.xib in Resources */,
			);
			runOnlyForDeploymentPostprocessing = 0;
		};
		1C9D1F922811B96C002E2A1D /* Resources */ = {
			isa = PBXResourcesBuildPhase;
			buildActionMask = 2147483647;
			files = (
			);
			runOnlyForDeploymentPostprocessing = 0;
		};
		1C9D1F9C2811B96C002E2A1D /* Resources */ = {
			isa = PBXResourcesBuildPhase;
			buildActionMask = 2147483647;
			files = (
			);
			runOnlyForDeploymentPostprocessing = 0;
		};
/* End PBXResourcesBuildPhase section */

/* Begin PBXShellScriptBuildPhase section */
		4B5D9BA3E6A7C30A2B436C2E /* [CP] Check Pods Manifest.lock */ = {
			isa = PBXShellScriptBuildPhase;
			buildActionMask = 2147483647;
			files = (
			);
			inputFileListPaths = (
			);
			inputPaths = (
				"${PODS_PODFILE_DIR_PATH}/Podfile.lock",
				"${PODS_ROOT}/Manifest.lock",
			);
			name = "[CP] Check Pods Manifest.lock";
			outputFileListPaths = (
			);
			outputPaths = (
				"$(DERIVED_FILE_DIR)/Pods-MetaWeatherCore_ExampleTests-checkManifestLockResult.txt",
			);
			runOnlyForDeploymentPostprocessing = 0;
			shellPath = /bin/sh;
			shellScript = "diff \"${PODS_PODFILE_DIR_PATH}/Podfile.lock\" \"${PODS_ROOT}/Manifest.lock\" > /dev/null\nif [ $? != 0 ] ; then\n    # print error to STDERR\n    echo \"error: The sandbox is not in sync with the Podfile.lock. Run 'pod install' or update your CocoaPods installation.\" >&2\n    exit 1\nfi\n# This output is used by Xcode 'outputs' to avoid re-running this script phase.\necho \"SUCCESS\" > \"${SCRIPT_OUTPUT_FILE_0}\"\n";
			showEnvVarsInLog = 0;
		};
		6D5175268F9527E584C88B43 /* [CP] Check Pods Manifest.lock */ = {
			isa = PBXShellScriptBuildPhase;
			buildActionMask = 2147483647;
			files = (
			);
			inputFileListPaths = (
			);
			inputPaths = (
				"${PODS_PODFILE_DIR_PATH}/Podfile.lock",
				"${PODS_ROOT}/Manifest.lock",
			);
			name = "[CP] Check Pods Manifest.lock";
			outputFileListPaths = (
			);
			outputPaths = (
				"$(DERIVED_FILE_DIR)/Pods-MetaWeatherCore_Example-MetaWeatherCore_ExampleUITests-checkManifestLockResult.txt",
			);
			runOnlyForDeploymentPostprocessing = 0;
			shellPath = /bin/sh;
			shellScript = "diff \"${PODS_PODFILE_DIR_PATH}/Podfile.lock\" \"${PODS_ROOT}/Manifest.lock\" > /dev/null\nif [ $? != 0 ] ; then\n    # print error to STDERR\n    echo \"error: The sandbox is not in sync with the Podfile.lock. Run 'pod install' or update your CocoaPods installation.\" >&2\n    exit 1\nfi\n# This output is used by Xcode 'outputs' to avoid re-running this script phase.\necho \"SUCCESS\" > \"${SCRIPT_OUTPUT_FILE_0}\"\n";
			showEnvVarsInLog = 0;
		};
		AA17141DFC38AD8052ED9A04 /* [CP] Embed Pods Frameworks */ = {
			isa = PBXShellScriptBuildPhase;
			buildActionMask = 2147483647;
			files = (
			);
			inputFileListPaths = (
				"${PODS_ROOT}/Target Support Files/Pods-MetaWeatherCore_Example/Pods-MetaWeatherCore_Example-frameworks-${CONFIGURATION}-input-files.xcfilelist",
			);
			name = "[CP] Embed Pods Frameworks";
			outputFileListPaths = (
				"${PODS_ROOT}/Target Support Files/Pods-MetaWeatherCore_Example/Pods-MetaWeatherCore_Example-frameworks-${CONFIGURATION}-output-files.xcfilelist",
			);
			runOnlyForDeploymentPostprocessing = 0;
			shellPath = /bin/sh;
			shellScript = "\"${PODS_ROOT}/Target Support Files/Pods-MetaWeatherCore_Example/Pods-MetaWeatherCore_Example-frameworks.sh\"\n";
			showEnvVarsInLog = 0;
		};
		BD6C1D3B1D60E169E2040E85 /* [CP] Check Pods Manifest.lock */ = {
			isa = PBXShellScriptBuildPhase;
			buildActionMask = 2147483647;
			files = (
			);
			inputFileListPaths = (
			);
			inputPaths = (
				"${PODS_PODFILE_DIR_PATH}/Podfile.lock",
				"${PODS_ROOT}/Manifest.lock",
			);
			name = "[CP] Check Pods Manifest.lock";
			outputFileListPaths = (
			);
			outputPaths = (
				"$(DERIVED_FILE_DIR)/Pods-MetaWeatherCore_Example-checkManifestLockResult.txt",
			);
			runOnlyForDeploymentPostprocessing = 0;
			shellPath = /bin/sh;
			shellScript = "diff \"${PODS_PODFILE_DIR_PATH}/Podfile.lock\" \"${PODS_ROOT}/Manifest.lock\" > /dev/null\nif [ $? != 0 ] ; then\n    # print error to STDERR\n    echo \"error: The sandbox is not in sync with the Podfile.lock. Run 'pod install' or update your CocoaPods installation.\" >&2\n    exit 1\nfi\n# This output is used by Xcode 'outputs' to avoid re-running this script phase.\necho \"SUCCESS\" > \"${SCRIPT_OUTPUT_FILE_0}\"\n";
			showEnvVarsInLog = 0;
		};
		EDFC01421656847DA2EB83A1 /* [CP] Embed Pods Frameworks */ = {
			isa = PBXShellScriptBuildPhase;
			buildActionMask = 2147483647;
			files = (
			);
			inputFileListPaths = (
				"${PODS_ROOT}/Target Support Files/Pods-MetaWeatherCore_Example-MetaWeatherCore_ExampleUITests/Pods-MetaWeatherCore_Example-MetaWeatherCore_ExampleUITests-frameworks-${CONFIGURATION}-input-files.xcfilelist",
			);
			name = "[CP] Embed Pods Frameworks";
			outputFileListPaths = (
				"${PODS_ROOT}/Target Support Files/Pods-MetaWeatherCore_Example-MetaWeatherCore_ExampleUITests/Pods-MetaWeatherCore_Example-MetaWeatherCore_ExampleUITests-frameworks-${CONFIGURATION}-output-files.xcfilelist",
			);
			runOnlyForDeploymentPostprocessing = 0;
			shellPath = /bin/sh;
			shellScript = "\"${PODS_ROOT}/Target Support Files/Pods-MetaWeatherCore_Example-MetaWeatherCore_ExampleUITests/Pods-MetaWeatherCore_Example-MetaWeatherCore_ExampleUITests-frameworks.sh\"\n";
			showEnvVarsInLog = 0;
		};
/* End PBXShellScriptBuildPhase section */

/* Begin PBXSourcesBuildPhase section */
		1C9D1F7A2811B96A002E2A1D /* Sources */ = {
			isa = PBXSourcesBuildPhase;
			buildActionMask = 2147483647;
			files = (
				1C9D1F862811B96A002E2A1D /* ViewController.swift in Sources */,
				1C9D1F822811B96A002E2A1D /* AppDelegate.swift in Sources */,
				1C9D1F842811B96A002E2A1D /* SceneDelegate.swift in Sources */,
				1C5ADA6728122FC700E13F55 /* ResultCollectionViewCell.swift in Sources */,
			);
			runOnlyForDeploymentPostprocessing = 0;
		};
		1C9D1F902811B96C002E2A1D /* Sources */ = {
			isa = PBXSourcesBuildPhase;
			buildActionMask = 2147483647;
			files = (
				1C9D1F992811B96C002E2A1D /* MetaWeatherCore_ExampleTests.swift in Sources */,
			);
			runOnlyForDeploymentPostprocessing = 0;
		};
		1C9D1F9A2811B96C002E2A1D /* Sources */ = {
			isa = PBXSourcesBuildPhase;
			buildActionMask = 2147483647;
			files = (
				1C9D1FA52811B96C002E2A1D /* MetaWeatherCore_ExampleUITestsLaunchTests.swift in Sources */,
				1C9D1FA32811B96C002E2A1D /* MetaWeatherCore_ExampleUITests.swift in Sources */,
			);
			runOnlyForDeploymentPostprocessing = 0;
		};
/* End PBXSourcesBuildPhase section */

/* Begin PBXTargetDependency section */
		1C9D1F962811B96C002E2A1D /* PBXTargetDependency */ = {
			isa = PBXTargetDependency;
			target = 1C9D1F7D2811B96A002E2A1D /* MetaWeatherCore_Example */;
			targetProxy = 1C9D1F952811B96C002E2A1D /* PBXContainerItemProxy */;
		};
		1C9D1FA02811B96C002E2A1D /* PBXTargetDependency */ = {
			isa = PBXTargetDependency;
			target = 1C9D1F7D2811B96A002E2A1D /* MetaWeatherCore_Example */;
			targetProxy = 1C9D1F9F2811B96C002E2A1D /* PBXContainerItemProxy */;
		};
/* End PBXTargetDependency section */

/* Begin PBXVariantGroup section */
		1C9D1F872811B96A002E2A1D /* Main.storyboard */ = {
			isa = PBXVariantGroup;
			children = (
				1C9D1F882811B96A002E2A1D /* Base */,
			);
			name = Main.storyboard;
			sourceTree = "<group>";
		};
		1C9D1F8C2811B96B002E2A1D /* LaunchScreen.storyboard */ = {
			isa = PBXVariantGroup;
			children = (
				1C9D1F8D2811B96B002E2A1D /* Base */,
			);
			name = LaunchScreen.storyboard;
			sourceTree = "<group>";
		};
/* End PBXVariantGroup section */

/* Begin XCBuildConfiguration section */
		1C9D1FA62811B96C002E2A1D /* Debug */ = {
			isa = XCBuildConfiguration;
			buildSettings = {
				ALWAYS_SEARCH_USER_PATHS = NO;
				CLANG_ANALYZER_NONNULL = YES;
				CLANG_ANALYZER_NUMBER_OBJECT_CONVERSION = YES_AGGRESSIVE;
				CLANG_CXX_LANGUAGE_STANDARD = "gnu++17";
				CLANG_ENABLE_MODULES = YES;
				CLANG_ENABLE_OBJC_ARC = YES;
				CLANG_ENABLE_OBJC_WEAK = YES;
				CLANG_WARN_BLOCK_CAPTURE_AUTORELEASING = YES;
				CLANG_WARN_BOOL_CONVERSION = YES;
				CLANG_WARN_COMMA = YES;
				CLANG_WARN_CONSTANT_CONVERSION = YES;
				CLANG_WARN_DEPRECATED_OBJC_IMPLEMENTATIONS = YES;
				CLANG_WARN_DIRECT_OBJC_ISA_USAGE = YES_ERROR;
				CLANG_WARN_DOCUMENTATION_COMMENTS = YES;
				CLANG_WARN_EMPTY_BODY = YES;
				CLANG_WARN_ENUM_CONVERSION = YES;
				CLANG_WARN_INFINITE_RECURSION = YES;
				CLANG_WARN_INT_CONVERSION = YES;
				CLANG_WARN_NON_LITERAL_NULL_CONVERSION = YES;
				CLANG_WARN_OBJC_IMPLICIT_RETAIN_SELF = YES;
				CLANG_WARN_OBJC_LITERAL_CONVERSION = YES;
				CLANG_WARN_OBJC_ROOT_CLASS = YES_ERROR;
				CLANG_WARN_QUOTED_INCLUDE_IN_FRAMEWORK_HEADER = YES;
				CLANG_WARN_RANGE_LOOP_ANALYSIS = YES;
				CLANG_WARN_STRICT_PROTOTYPES = YES;
				CLANG_WARN_SUSPICIOUS_MOVE = YES;
				CLANG_WARN_UNGUARDED_AVAILABILITY = YES_AGGRESSIVE;
				CLANG_WARN_UNREACHABLE_CODE = YES;
				CLANG_WARN__DUPLICATE_METHOD_MATCH = YES;
				COPY_PHASE_STRIP = NO;
				DEBUG_INFORMATION_FORMAT = dwarf;
				ENABLE_STRICT_OBJC_MSGSEND = YES;
				ENABLE_TESTABILITY = YES;
				GCC_C_LANGUAGE_STANDARD = gnu11;
				GCC_DYNAMIC_NO_PIC = NO;
				GCC_NO_COMMON_BLOCKS = YES;
				GCC_OPTIMIZATION_LEVEL = 0;
				GCC_PREPROCESSOR_DEFINITIONS = (
					"DEBUG=1",
					"$(inherited)",
				);
				GCC_WARN_64_TO_32_BIT_CONVERSION = YES;
				GCC_WARN_ABOUT_RETURN_TYPE = YES_ERROR;
				GCC_WARN_UNDECLARED_SELECTOR = YES;
				GCC_WARN_UNINITIALIZED_AUTOS = YES_AGGRESSIVE;
				GCC_WARN_UNUSED_FUNCTION = YES;
				GCC_WARN_UNUSED_VARIABLE = YES;
				IPHONEOS_DEPLOYMENT_TARGET = 13.0;
				MTL_ENABLE_DEBUG_INFO = INCLUDE_SOURCE;
				MTL_FAST_MATH = YES;
				ONLY_ACTIVE_ARCH = YES;
				SDKROOT = iphoneos;
				SWIFT_ACTIVE_COMPILATION_CONDITIONS = DEBUG;
				SWIFT_OPTIMIZATION_LEVEL = "-Onone";
			};
			name = Debug;
		};
		1C9D1FA72811B96C002E2A1D /* Release */ = {
			isa = XCBuildConfiguration;
			buildSettings = {
				ALWAYS_SEARCH_USER_PATHS = NO;
				CLANG_ANALYZER_NONNULL = YES;
				CLANG_ANALYZER_NUMBER_OBJECT_CONVERSION = YES_AGGRESSIVE;
				CLANG_CXX_LANGUAGE_STANDARD = "gnu++17";
				CLANG_ENABLE_MODULES = YES;
				CLANG_ENABLE_OBJC_ARC = YES;
				CLANG_ENABLE_OBJC_WEAK = YES;
				CLANG_WARN_BLOCK_CAPTURE_AUTORELEASING = YES;
				CLANG_WARN_BOOL_CONVERSION = YES;
				CLANG_WARN_COMMA = YES;
				CLANG_WARN_CONSTANT_CONVERSION = YES;
				CLANG_WARN_DEPRECATED_OBJC_IMPLEMENTATIONS = YES;
				CLANG_WARN_DIRECT_OBJC_ISA_USAGE = YES_ERROR;
				CLANG_WARN_DOCUMENTATION_COMMENTS = YES;
				CLANG_WARN_EMPTY_BODY = YES;
				CLANG_WARN_ENUM_CONVERSION = YES;
				CLANG_WARN_INFINITE_RECURSION = YES;
				CLANG_WARN_INT_CONVERSION = YES;
				CLANG_WARN_NON_LITERAL_NULL_CONVERSION = YES;
				CLANG_WARN_OBJC_IMPLICIT_RETAIN_SELF = YES;
				CLANG_WARN_OBJC_LITERAL_CONVERSION = YES;
				CLANG_WARN_OBJC_ROOT_CLASS = YES_ERROR;
				CLANG_WARN_QUOTED_INCLUDE_IN_FRAMEWORK_HEADER = YES;
				CLANG_WARN_RANGE_LOOP_ANALYSIS = YES;
				CLANG_WARN_STRICT_PROTOTYPES = YES;
				CLANG_WARN_SUSPICIOUS_MOVE = YES;
				CLANG_WARN_UNGUARDED_AVAILABILITY = YES_AGGRESSIVE;
				CLANG_WARN_UNREACHABLE_CODE = YES;
				CLANG_WARN__DUPLICATE_METHOD_MATCH = YES;
				COPY_PHASE_STRIP = NO;
				DEBUG_INFORMATION_FORMAT = "dwarf-with-dsym";
				ENABLE_NS_ASSERTIONS = NO;
				ENABLE_STRICT_OBJC_MSGSEND = YES;
				GCC_C_LANGUAGE_STANDARD = gnu11;
				GCC_NO_COMMON_BLOCKS = YES;
				GCC_WARN_64_TO_32_BIT_CONVERSION = YES;
				GCC_WARN_ABOUT_RETURN_TYPE = YES_ERROR;
				GCC_WARN_UNDECLARED_SELECTOR = YES;
				GCC_WARN_UNINITIALIZED_AUTOS = YES_AGGRESSIVE;
				GCC_WARN_UNUSED_FUNCTION = YES;
				GCC_WARN_UNUSED_VARIABLE = YES;
				IPHONEOS_DEPLOYMENT_TARGET = 13.0;
				MTL_ENABLE_DEBUG_INFO = NO;
				MTL_FAST_MATH = YES;
				SDKROOT = iphoneos;
				SWIFT_COMPILATION_MODE = wholemodule;
				SWIFT_OPTIMIZATION_LEVEL = "-O";
				VALIDATE_PRODUCT = YES;
			};
			name = Release;
		};
		1C9D1FA92811B96C002E2A1D /* Debug */ = {
			isa = XCBuildConfiguration;
			baseConfigurationReference = A8D87549B61797C78364350F /* Pods-MetaWeatherCore_Example.debug.xcconfig */;
			buildSettings = {
				ASSETCATALOG_COMPILER_APPICON_NAME = AppIcon;
				ASSETCATALOG_COMPILER_GLOBAL_ACCENT_COLOR_NAME = AccentColor;
				CODE_SIGN_STYLE = Automatic;
				CURRENT_PROJECT_VERSION = 1;
				GENERATE_INFOPLIST_FILE = YES;
				INFOPLIST_FILE = MetaWeatherCore_Example/Info.plist;
				INFOPLIST_KEY_UIApplicationSupportsIndirectInputEvents = YES;
				INFOPLIST_KEY_UILaunchStoryboardName = LaunchScreen;
				INFOPLIST_KEY_UIMainStoryboardFile = Main;
				INFOPLIST_KEY_UISupportedInterfaceOrientations_iPad = "UIInterfaceOrientationPortrait UIInterfaceOrientationPortraitUpsideDown UIInterfaceOrientationLandscapeLeft UIInterfaceOrientationLandscapeRight";
				INFOPLIST_KEY_UISupportedInterfaceOrientations_iPhone = "UIInterfaceOrientationPortrait UIInterfaceOrientationLandscapeLeft UIInterfaceOrientationLandscapeRight";
				IPHONEOS_DEPLOYMENT_TARGET = 13.0;
				LD_RUNPATH_SEARCH_PATHS = (
					"$(inherited)",
					"@executable_path/Frameworks",
				);
				MARKETING_VERSION = 1.0;
				PRODUCT_BUNDLE_IDENTIFIER = "com.azalazar.MetaWeatherCore-Example";
				PRODUCT_NAME = "$(TARGET_NAME)";
				SWIFT_EMIT_LOC_STRINGS = YES;
				SWIFT_VERSION = 5.0;
				TARGETED_DEVICE_FAMILY = "1,2";
			};
			name = Debug;
		};
		1C9D1FAA2811B96C002E2A1D /* Release */ = {
			isa = XCBuildConfiguration;
			baseConfigurationReference = 578CFBCD5C8C753F9995BE09 /* Pods-MetaWeatherCore_Example.release.xcconfig */;
			buildSettings = {
				ASSETCATALOG_COMPILER_APPICON_NAME = AppIcon;
				ASSETCATALOG_COMPILER_GLOBAL_ACCENT_COLOR_NAME = AccentColor;
				CODE_SIGN_STYLE = Automatic;
				CURRENT_PROJECT_VERSION = 1;
				GENERATE_INFOPLIST_FILE = YES;
				INFOPLIST_FILE = MetaWeatherCore_Example/Info.plist;
				INFOPLIST_KEY_UIApplicationSupportsIndirectInputEvents = YES;
				INFOPLIST_KEY_UILaunchStoryboardName = LaunchScreen;
				INFOPLIST_KEY_UIMainStoryboardFile = Main;
				INFOPLIST_KEY_UISupportedInterfaceOrientations_iPad = "UIInterfaceOrientationPortrait UIInterfaceOrientationPortraitUpsideDown UIInterfaceOrientationLandscapeLeft UIInterfaceOrientationLandscapeRight";
				INFOPLIST_KEY_UISupportedInterfaceOrientations_iPhone = "UIInterfaceOrientationPortrait UIInterfaceOrientationLandscapeLeft UIInterfaceOrientationLandscapeRight";
				IPHONEOS_DEPLOYMENT_TARGET = 13.0;
				LD_RUNPATH_SEARCH_PATHS = (
					"$(inherited)",
					"@executable_path/Frameworks",
				);
				MARKETING_VERSION = 1.0;
				PRODUCT_BUNDLE_IDENTIFIER = "com.azalazar.MetaWeatherCore-Example";
				PRODUCT_NAME = "$(TARGET_NAME)";
				SWIFT_EMIT_LOC_STRINGS = YES;
				SWIFT_VERSION = 5.0;
				TARGETED_DEVICE_FAMILY = "1,2";
			};
			name = Release;
		};
		1C9D1FAC2811B96C002E2A1D /* Debug */ = {
			isa = XCBuildConfiguration;
			baseConfigurationReference = 9517A700345CDEA253B435FA /* Pods-MetaWeatherCore_ExampleTests.debug.xcconfig */;
			buildSettings = {
				ALWAYS_EMBED_SWIFT_STANDARD_LIBRARIES = YES;
				BUNDLE_LOADER = "$(TEST_HOST)";
				CODE_SIGN_STYLE = Automatic;
				CURRENT_PROJECT_VERSION = 1;
				GENERATE_INFOPLIST_FILE = YES;
				IPHONEOS_DEPLOYMENT_TARGET = 15.4;
				MARKETING_VERSION = 1.0;
				PRODUCT_BUNDLE_IDENTIFIER = "com.azalazar.MetaWeatherCore-ExampleTests";
				PRODUCT_NAME = "$(TARGET_NAME)";
				SWIFT_EMIT_LOC_STRINGS = NO;
				SWIFT_VERSION = 5.0;
				TARGETED_DEVICE_FAMILY = "1,2";
				TEST_HOST = "$(BUILT_PRODUCTS_DIR)/MetaWeatherCore_Example.app/MetaWeatherCore_Example";
			};
			name = Debug;
		};
		1C9D1FAD2811B96C002E2A1D /* Release */ = {
			isa = XCBuildConfiguration;
			baseConfigurationReference = 63EC36B40AD9B8FA2DD4F936 /* Pods-MetaWeatherCore_ExampleTests.release.xcconfig */;
			buildSettings = {
				ALWAYS_EMBED_SWIFT_STANDARD_LIBRARIES = YES;
				BUNDLE_LOADER = "$(TEST_HOST)";
				CODE_SIGN_STYLE = Automatic;
				CURRENT_PROJECT_VERSION = 1;
				GENERATE_INFOPLIST_FILE = YES;
				IPHONEOS_DEPLOYMENT_TARGET = 15.4;
				MARKETING_VERSION = 1.0;
				PRODUCT_BUNDLE_IDENTIFIER = "com.azalazar.MetaWeatherCore-ExampleTests";
				PRODUCT_NAME = "$(TARGET_NAME)";
				SWIFT_EMIT_LOC_STRINGS = NO;
				SWIFT_VERSION = 5.0;
				TARGETED_DEVICE_FAMILY = "1,2";
				TEST_HOST = "$(BUILT_PRODUCTS_DIR)/MetaWeatherCore_Example.app/MetaWeatherCore_Example";
			};
			name = Release;
		};
		1C9D1FAF2811B96C002E2A1D /* Debug */ = {
			isa = XCBuildConfiguration;
			baseConfigurationReference = CB30255BE2C3A6FABE49EF13 /* Pods-MetaWeatherCore_Example-MetaWeatherCore_ExampleUITests.debug.xcconfig */;
			buildSettings = {
				ALWAYS_EMBED_SWIFT_STANDARD_LIBRARIES = YES;
				CODE_SIGN_STYLE = Automatic;
				CURRENT_PROJECT_VERSION = 1;
				GENERATE_INFOPLIST_FILE = YES;
				MARKETING_VERSION = 1.0;
				PRODUCT_BUNDLE_IDENTIFIER = "com.azalazar.MetaWeatherCore-ExampleUITests";
				PRODUCT_NAME = "$(TARGET_NAME)";
				SWIFT_EMIT_LOC_STRINGS = NO;
				SWIFT_VERSION = 5.0;
				TARGETED_DEVICE_FAMILY = "1,2";
				TEST_TARGET_NAME = MetaWeatherCore_Example;
			};
			name = Debug;
		};
		1C9D1FB02811B96C002E2A1D /* Release */ = {
			isa = XCBuildConfiguration;
			baseConfigurationReference = 57F2D010B81378E42FD68F8E /* Pods-MetaWeatherCore_Example-MetaWeatherCore_ExampleUITests.release.xcconfig */;
			buildSettings = {
				ALWAYS_EMBED_SWIFT_STANDARD_LIBRARIES = YES;
				CODE_SIGN_STYLE = Automatic;
				CURRENT_PROJECT_VERSION = 1;
				GENERATE_INFOPLIST_FILE = YES;
				MARKETING_VERSION = 1.0;
				PRODUCT_BUNDLE_IDENTIFIER = "com.azalazar.MetaWeatherCore-ExampleUITests";
				PRODUCT_NAME = "$(TARGET_NAME)";
				SWIFT_EMIT_LOC_STRINGS = NO;
				SWIFT_VERSION = 5.0;
				TARGETED_DEVICE_FAMILY = "1,2";
				TEST_TARGET_NAME = MetaWeatherCore_Example;
			};
			name = Release;
		};
/* End XCBuildConfiguration section */

/* Begin XCConfigurationList section */
		1C9D1F792811B96A002E2A1D /* Build configuration list for PBXProject "MetaWeatherCore_Example" */ = {
			isa = XCConfigurationList;
			buildConfigurations = (
				1C9D1FA62811B96C002E2A1D /* Debug */,
				1C9D1FA72811B96C002E2A1D /* Release */,
			);
			defaultConfigurationIsVisible = 0;
			defaultConfigurationName = Release;
		};
		1C9D1FA82811B96C002E2A1D /* Build configuration list for PBXNativeTarget "MetaWeatherCore_Example" */ = {
			isa = XCConfigurationList;
			buildConfigurations = (
				1C9D1FA92811B96C002E2A1D /* Debug */,
				1C9D1FAA2811B96C002E2A1D /* Release */,
			);
			defaultConfigurationIsVisible = 0;
			defaultConfigurationName = Release;
		};
		1C9D1FAB2811B96C002E2A1D /* Build configuration list for PBXNativeTarget "MetaWeatherCore_ExampleTests" */ = {
			isa = XCConfigurationList;
			buildConfigurations = (
				1C9D1FAC2811B96C002E2A1D /* Debug */,
				1C9D1FAD2811B96C002E2A1D /* Release */,
			);
			defaultConfigurationIsVisible = 0;
			defaultConfigurationName = Release;
		};
		1C9D1FAE2811B96C002E2A1D /* Build configuration list for PBXNativeTarget "MetaWeatherCore_ExampleUITests" */ = {
			isa = XCConfigurationList;
			buildConfigurations = (
				1C9D1FAF2811B96C002E2A1D /* Debug */,
				1C9D1FB02811B96C002E2A1D /* Release */,
			);
			defaultConfigurationIsVisible = 0;
			defaultConfigurationName = Release;
		};
/* End XCConfigurationList section */
	};
	rootObject = 1C9D1F762811B96A002E2A1D /* Project object */;
}
